
Microsoft Visual Studio Solution File, Format Version 12.00
# Visual Studio Version 16
VisualStudioVersion = 16.0.29911.84
MinimumVisualStudioVersion = 10.0.40219.1
Project("{FAE04EC0-301F-11D3-BF4B-00C04F79EFBC}") = "WebApplication1", "WebApplication1.csproj", "{1837A628-F310-4782-BB2B-3706B3EBAF4C}"
EndProject
Global
	GlobalSection(SolutionConfigurationPlatforms) = preSolution
		Debug|Any CPU = Debug|Any CPU
		Release|Any CPU = Release|Any CPU
	EndGlobalSection
	GlobalSection(ProjectConfigurationPlatforms) = postSolution
		{1837A628-F310-4782-BB2B-3706B3EBAF4C}.Debug|Any CPU.ActiveCfg = Debug|Any CPU
		{1837A628-F310-4782-BB2B-3706B3EBAF4C}.Debug|Any CPU.Build.0 = Debug|Any CPU
		{1837A628-F310-4782-BB2B-3706B3EBAF4C}.Release|Any CPU.ActiveCfg = Release|Any CPU
		{1837A628-F310-4782-BB2B-3706B3EBAF4C}.Release|Any CPU.Build.0 = Release|Any CPU
	EndGlobalSection
	GlobalSection(SolutionProperties) = preSolution
		HideSolutionNode = FALSE
	EndGlobalSection
	GlobalSection(ExtensibilityGlobals) = postSolution
		SolutionGuid = {001D94AB-D851-4261-8459-9ECBDC4EC397}
	EndGlobalSection
EndGlobal
