
Microsoft Visual Studio Solution File, Format Version 12.00
# Visual Studio Version 16
VisualStudioVersion = 16.0.29926.136
MinimumVisualStudioVersion = 10.0.40219.1
Project("{FAE04EC0-301F-11D3-BF4B-00C04F79EFBC}") = "CalculatorConsole_App", "CalculatorConsole_App\CalculatorConsole_App.csproj", "{4DE46438-F35E-4201-A538-DD4A3F536BD8}"
EndProject
Global
	GlobalSection(SolutionConfigurationPlatforms) = preSolution
		Debug|Any CPU = Debug|Any CPU
		Release|Any CPU = Release|Any CPU
	EndGlobalSection
	GlobalSection(ProjectConfigurationPlatforms) = postSolution
		{4DE46438-F35E-4201-A538-DD4A3F536BD8}.Debug|Any CPU.ActiveCfg = Debug|Any CPU
		{4DE46438-F35E-4201-A538-DD4A3F536BD8}.Debug|Any CPU.Build.0 = Debug|Any CPU
		{4DE46438-F35E-4201-A538-DD4A3F536BD8}.Release|Any CPU.ActiveCfg = Release|Any CPU
		{4DE46438-F35E-4201-A538-DD4A3F536BD8}.Release|Any CPU.Build.0 = Release|Any CPU
	EndGlobalSection
	GlobalSection(SolutionProperties) = preSolution
		HideSolutionNode = FALSE
	EndGlobalSection
	GlobalSection(ExtensibilityGlobals) = postSolution
		SolutionGuid = {3C1940CA-684F-43D1-8E5B-C1C567E23516}
	EndGlobalSection
EndGlobal
